// !$*UTF8*$!
{
	archiveVersion = 1;
	classes = {
	};
	objectVersion = 45;
	objects = {

/* Begin PBXBuildFile section */
		1D3623260D0F684500981E51 /* SyncingArrows_iPhoneAppDelegate.m in Sources */ = {isa = PBXBuildFile; fileRef = 1D3623250D0F684500981E51 /* SyncingArrows_iPhoneAppDelegate.m */; };
		1D60589B0D05DD56006BFB54 /* main.m in Sources */ = {isa = PBXBuildFile; fileRef = 29B97316FDCFA39411CA2CEA /* main.m */; };
		1D60589F0D05DD5A006BFB54 /* Foundation.framework in Frameworks */ = {isa = PBXBuildFile; fileRef = 1D30AB110D05D00D00671497 /* Foundation.framework */; };
		1DF5F4E00D08C38300B7A737 /* UIKit.framework in Frameworks */ = {isa = PBXBuildFile; fileRef = 1DF5F4DF0D08C38300B7A737 /* UIKit.framework */; };
		288765A50DF7441C002DB57D /* CoreGraphics.framework in Frameworks */ = {isa = PBXBuildFile; fileRef = 288765A40DF7441C002DB57D /* CoreGraphics.framework */; };
		2899E5220DE3E06400AC0155 /* SyncingArrows_iPhoneViewController.xib in Resources */ = {isa = PBXBuildFile; fileRef = 2899E5210DE3E06400AC0155 /* SyncingArrows_iPhoneViewController.xib */; };
		28AD733F0D9D9553002E5188 /* MainWindow.xib in Resources */ = {isa = PBXBuildFile; fileRef = 28AD733E0D9D9553002E5188 /* MainWindow.xib */; };
		28D7ACF80DDB3853001CB0EB /* SyncingArrows_iPhoneViewController.m in Sources */ = {isa = PBXBuildFile; fileRef = 28D7ACF70DDB3853001CB0EB /* SyncingArrows_iPhoneViewController.m */; };
		D3AF549910705F7D007E4B62 /* BDTableViewCell.m in Sources */ = {isa = PBXBuildFile; fileRef = D3AF549810705F7D007E4B62 /* BDTableViewCell.m */; };
		D3AF54AD107060A3007E4B62 /* syncing_arrows.png in Resources */ = {isa = PBXBuildFile; fileRef = D3AF54AC107060A3007E4B62 /* syncing_arrows.png */; };
		D3AF54CB107061E1007E4B62 /* BDTableViewCell.xib in Resources */ = {isa = PBXBuildFile; fileRef = D3AF54CA107061E1007E4B62 /* BDTableViewCell.xib */; };
		D3AF555410707273007E4B62 /* QuartzCore.framework in Frameworks */ = {isa = PBXBuildFile; fileRef = D3AF555310707273007E4B62 /* QuartzCore.framework */; };
		D3AF556D10707447007E4B62 /* syncing_arrows1.png in Resources */ = {isa = PBXBuildFile; fileRef = D3AF556710707447007E4B62 /* syncing_arrows1.png */; };
		D3AF556E10707447007E4B62 /* syncing_arrows2.png in Resources */ = {isa = PBXBuildFile; fileRef = D3AF556810707447007E4B62 /* syncing_arrows2.png */; };
		D3AF556F10707447007E4B62 /* syncing_arrows3.png in Resources */ = {isa = PBXBuildFile; fileRef = D3AF556910707447007E4B62 /* syncing_arrows3.png */; };
		D3AF557010707447007E4B62 /* syncing_arrows4.png in Resources */ = {isa = PBXBuildFile; fileRef = D3AF556A10707447007E4B62 /* syncing_arrows4.png */; };
		D3AF557110707447007E4B62 /* syncing_arrows5.png in Resources */ = {isa = PBXBuildFile; fileRef = D3AF556B10707447007E4B62 /* syncing_arrows5.png */; };
		D3AF557210707447007E4B62 /* syncing_arrows6.png in Resources */ = {isa = PBXBuildFile; fileRef = D3AF556C10707447007E4B62 /* syncing_arrows6.png */; };
/* End PBXBuildFile section */

/* Begin PBXFileReference section */
		1D30AB110D05D00D00671497 /* Foundation.framework */ = {isa = PBXFileReference; lastKnownFileType = wrapper.framework; name = Foundation.framework; path = System/Library/Frameworks/Foundation.framework; sourceTree = SDKROOT; };
		1D3623240D0F684500981E51 /* SyncingArrows_iPhoneAppDelegate.h */ = {isa = PBXFileReference; fileEncoding = 4; lastKnownFileType = sourcecode.c.h; path = SyncingArrows_iPhoneAppDelegate.h; sourceTree = "<group>"; };
		1D3623250D0F684500981E51 /* SyncingArrows_iPhoneAppDelegate.m */ = {isa = PBXFileReference; fileEncoding = 4; lastKnownFileType = sourcecode.c.objc; path = SyncingArrows_iPhoneAppDelegate.m; sourceTree = "<group>"; };
		1D6058910D05DD3D006BFB54 /* SyncingArrowsiPhone.app */ = {isa = PBXFileReference; explicitFileType = wrapper.application; includeInIndex = 0; path = SyncingArrowsiPhone.app; sourceTree = BUILT_PRODUCTS_DIR; };
		1DF5F4DF0D08C38300B7A737 /* UIKit.framework */ = {isa = PBXFileReference; lastKnownFileType = wrapper.framework; name = UIKit.framework; path = System/Library/Frameworks/UIKit.framework; sourceTree = SDKROOT; };
		288765A40DF7441C002DB57D /* CoreGraphics.framework */ = {isa = PBXFileReference; lastKnownFileType = wrapper.framework; name = CoreGraphics.framework; path = System/Library/Frameworks/CoreGraphics.framework; sourceTree = SDKROOT; };
		2899E5210DE3E06400AC0155 /* SyncingArrows_iPhoneViewController.xib */ = {isa = PBXFileReference; lastKnownFileType = file.xib; path = SyncingArrows_iPhoneViewController.xib; sourceTree = "<group>"; };
		28AD733E0D9D9553002E5188 /* MainWindow.xib */ = {isa = PBXFileReference; lastKnownFileType = file.xib; path = MainWindow.xib; sourceTree = "<group>"; };
		28D7ACF60DDB3853001CB0EB /* SyncingArrows_iPhoneViewController.h */ = {isa = PBXFileReference; fileEncoding = 4; lastKnownFileType = sourcecode.c.h; path = SyncingArrows_iPhoneViewController.h; sourceTree = "<group>"; };
		28D7ACF70DDB3853001CB0EB /* SyncingArrows_iPhoneViewController.m */ = {isa = PBXFileReference; fileEncoding = 4; lastKnownFileType = sourcecode.c.objc; path = SyncingArrows_iPhoneViewController.m; sourceTree = "<group>"; };
		29B97316FDCFA39411CA2CEA /* main.m */ = {isa = PBXFileReference; fileEncoding = 4; lastKnownFileType = sourcecode.c.objc; path = main.m; sourceTree = "<group>"; };
		32CA4F630368D1EE00C91783 /* SyncingArrows_iPhone_Prefix.pch */ = {isa = PBXFileReference; fileEncoding = 4; lastKnownFileType = sourcecode.c.h; path = SyncingArrows_iPhone_Prefix.pch; sourceTree = "<group>"; };
		8D1107310486CEB800E47090 /* Info.plist */ = {isa = PBXFileReference; fileEncoding = 4; lastKnownFileType = text.plist.xml; path = Info.plist; sourceTree = "<group>"; };
		D3AF549710705F7D007E4B62 /* BDTableViewCell.h */ = {isa = PBXFileReference; fileEncoding = 4; lastKnownFileType = sourcecode.c.h; path = BDTableViewCell.h; sourceTree = "<group>"; };
		D3AF549810705F7D007E4B62 /* BDTableViewCell.m */ = {isa = PBXFileReference; fileEncoding = 4; lastKnownFileType = sourcecode.c.objc; path = BDTableViewCell.m; sourceTree = "<group>"; };
		D3AF54AC107060A3007E4B62 /* syncing_arrows.png */ = {isa = PBXFileReference; lastKnownFileType = image.png; path = syncing_arrows.png; sourceTree = "<group>"; };
		D3AF54CA107061E1007E4B62 /* BDTableViewCell.xib */ = {isa = PBXFileReference; lastKnownFileType = file.xib; path = BDTableViewCell.xib; sourceTree = "<group>"; };
		D3AF555310707273007E4B62 /* QuartzCore.framework */ = {isa = PBXFileReference; lastKnownFileType = wrapper.framework; name = QuartzCore.framework; path = System/Library/Frameworks/QuartzCore.framework; sourceTree = SDKROOT; };
		D3AF556710707447007E4B62 /* syncing_arrows1.png */ = {isa = PBXFileReference; lastKnownFileType = image.png; path = syncing_arrows1.png; sourceTree = "<group>"; };
		D3AF556810707447007E4B62 /* syncing_arrows2.png */ = {isa = PBXFileReference; lastKnownFileType = image.png; path = syncing_arrows2.png; sourceTree = "<group>"; };
		D3AF556910707447007E4B62 /* syncing_arrows3.png */ = {isa = PBXFileReference; lastKnownFileType = image.png; path = syncing_arrows3.png; sourceTree = "<group>"; };
		D3AF556A10707447007E4B62 /* syncing_arrows4.png */ = {isa = PBXFileReference; lastKnownFileType = image.png; path = syncing_arrows4.png; sourceTree = "<group>"; };
		D3AF556B10707447007E4B62 /* syncing_arrows5.png */ = {isa = PBXFileReference; lastKnownFileType = image.png; path = syncing_arrows5.png; sourceTree = "<group>"; };
		D3AF556C10707447007E4B62 /* syncing_arrows6.png */ = {isa = PBXFileReference; lastKnownFileType = image.png; path = syncing_arrows6.png; sourceTree = "<group>"; };
/* End PBXFileReference section */

/* Begin PBXFrameworksBuildPhase section */
		1D60588F0D05DD3D006BFB54 /* Frameworks */ = {
			isa = PBXFrameworksBuildPhase;
			buildActionMask = 2147483647;
			files = (
				1D60589F0D05DD5A006BFB54 /* Foundation.framework in Frameworks */,
				1DF5F4E00D08C38300B7A737 /* UIKit.framework in Frameworks */,
				288765A50DF7441C002DB57D /* CoreGraphics.framework in Frameworks */,
				D3AF555410707273007E4B62 /* QuartzCore.framework in Frameworks */,
			);
			runOnlyForDeploymentPostprocessing = 0;
		};
/* End PBXFrameworksBuildPhase section */

/* Begin PBXGroup section */
		080E96DDFE201D6D7F000001 /* Classes */ = {
			isa = PBXGroup;
			children = (
				1D3623240D0F684500981E51 /* SyncingArrows_iPhoneAppDelegate.h */,
				1D3623250D0F684500981E51 /* SyncingArrows_iPhoneAppDelegate.m */,
				28D7ACF60DDB3853001CB0EB /* SyncingArrows_iPhoneViewController.h */,
				28D7ACF70DDB3853001CB0EB /* SyncingArrows_iPhoneViewController.m */,
				D3AF549710705F7D007E4B62 /* BDTableViewCell.h */,
				D3AF549810705F7D007E4B62 /* BDTableViewCell.m */,
			);
			path = Classes;
			sourceTree = "<group>";
		};
		19C28FACFE9D520D11CA2CBB /* Products */ = {
			isa = PBXGroup;
			children = (
				1D6058910D05DD3D006BFB54 /* SyncingArrowsiPhone.app */,
			);
			name = Products;
			sourceTree = "<group>";
		};
		29B97314FDCFA39411CA2CEA /* CustomTemplate */ = {
			isa = PBXGroup;
			children = (
				080E96DDFE201D6D7F000001 /* Classes */,
				29B97315FDCFA39411CA2CEA /* Other Sources */,
				29B97317FDCFA39411CA2CEA /* Resources */,
				29B97323FDCFA39411CA2CEA /* Frameworks */,
				19C28FACFE9D520D11CA2CBB /* Products */,
			);
			name = CustomTemplate;
			sourceTree = "<group>";
		};
		29B97315FDCFA39411CA2CEA /* Other Sources */ = {
			isa = PBXGroup;
			children = (
				32CA4F630368D1EE00C91783 /* SyncingArrows_iPhone_Prefix.pch */,
				29B97316FDCFA39411CA2CEA /* main.m */,
			);
			name = "Other Sources";
			sourceTree = "<group>";
		};
		29B97317FDCFA39411CA2CEA /* Resources */ = {
			isa = PBXGroup;
			children = (
				D3AF556610707434007E4B62 /* Arrows */,
				D3AF54AC107060A3007E4B62 /* syncing_arrows.png */,
				2899E5210DE3E06400AC0155 /* SyncingArrows_iPhoneViewController.xib */,
				28AD733E0D9D9553002E5188 /* MainWindow.xib */,
				8D1107310486CEB800E47090 /* Info.plist */,
				D3AF54CA107061E1007E4B62 /* BDTableViewCell.xib */,
			);
			name = Resources;
			sourceTree = "<group>";
		};
		29B97323FDCFA39411CA2CEA /* Frameworks */ = {
			isa = PBXGroup;
			children = (
				D3AF555310707273007E4B62 /* QuartzCore.framework */,
				1DF5F4DF0D08C38300B7A737 /* UIKit.framework */,
				1D30AB110D05D00D00671497 /* Foundation.framework */,
				288765A40DF7441C002DB57D /* CoreGraphics.framework */,
			);
			name = Frameworks;
			sourceTree = "<group>";
		};
		D3AF556610707434007E4B62 /* Arrows */ = {
			isa = PBXGroup;
			children = (
				D3AF556710707447007E4B62 /* syncing_arrows1.png */,
				D3AF556810707447007E4B62 /* syncing_arrows2.png */,
				D3AF556910707447007E4B62 /* syncing_arrows3.png */,
				D3AF556A10707447007E4B62 /* syncing_arrows4.png */,
				D3AF556B10707447007E4B62 /* syncing_arrows5.png */,
				D3AF556C10707447007E4B62 /* syncing_arrows6.png */,
			);
			name = Arrows;
			sourceTree = "<group>";
		};
/* End PBXGroup section */

/* Begin PBXNativeTarget section */
		1D6058900D05DD3D006BFB54 /* SyncingArrowsiPhone */ = {
			isa = PBXNativeTarget;
			buildConfigurationList = 1D6058960D05DD3E006BFB54 /* Build configuration list for PBXNativeTarget "SyncingArrowsiPhone" */;
			buildPhases = (
				1D60588D0D05DD3D006BFB54 /* Resources */,
				1D60588E0D05DD3D006BFB54 /* Sources */,
				1D60588F0D05DD3D006BFB54 /* Frameworks */,
			);
			buildRules = (
			);
			dependencies = (
			);
			name = SyncingArrowsiPhone;
			productName = SyncingArrows_iPhone;
			productReference = 1D6058910D05DD3D006BFB54 /* SyncingArrowsiPhone.app */;
			productType = "com.apple.product-type.application";
		};
/* End PBXNativeTarget section */

/* Begin PBXProject section */
		29B97313FDCFA39411CA2CEA /* Project object */ = {
			isa = PBXProject;
			buildConfigurationList = C01FCF4E08A954540054247B /* Build configuration list for PBXProject "SyncingArrows_iPhone" */;
			compatibilityVersion = "Xcode 3.1";
			hasScannedForEncodings = 1;
			mainGroup = 29B97314FDCFA39411CA2CEA /* CustomTemplate */;
			projectDirPath = "";
			projectRoot = "";
			targets = (
				1D6058900D05DD3D006BFB54 /* SyncingArrowsiPhone */,
			);
		};
/* End PBXProject section */

/* Begin PBXResourcesBuildPhase section */
		1D60588D0D05DD3D006BFB54 /* Resources */ = {
			isa = PBXResourcesBuildPhase;
			buildActionMask = 2147483647;
			files = (
				28AD733F0D9D9553002E5188 /* MainWindow.xib in Resources */,
				2899E5220DE3E06400AC0155 /* SyncingArrows_iPhoneViewController.xib in Resources */,
				D3AF54AD107060A3007E4B62 /* syncing_arrows.png in Resources */,
				D3AF54CB107061E1007E4B62 /* BDTableViewCell.xib in Resources */,
				D3AF556D10707447007E4B62 /* syncing_arrows1.png in Resources */,
				D3AF556E10707447007E4B62 /* syncing_arrows2.png in Resources */,
				D3AF556F10707447007E4B62 /* syncing_arrows3.png in Resources */,
				D3AF557010707447007E4B62 /* syncing_arrows4.png in Resources */,
				D3AF557110707447007E4B62 /* syncing_arrows5.png in Resources */,
				D3AF557210707447007E4B62 /* syncing_arrows6.png in Resources */,
			);
			runOnlyForDeploymentPostprocessing = 0;
		};
/* End PBXResourcesBuildPhase section */

/* Begin PBXSourcesBuildPhase section */
		1D60588E0D05DD3D006BFB54 /* Sources */ = {
			isa = PBXSourcesBuildPhase;
			buildActionMask = 2147483647;
			files = (
				1D60589B0D05DD56006BFB54 /* main.m in Sources */,
				1D3623260D0F684500981E51 /* SyncingArrows_iPhoneAppDelegate.m in Sources */,
				28D7ACF80DDB3853001CB0EB /* SyncingArrows_iPhoneViewController.m in Sources */,
				D3AF549910705F7D007E4B62 /* BDTableViewCell.m in Sources */,
			);
			runOnlyForDeploymentPostprocessing = 0;
		};
/* End PBXSourcesBuildPhase section */

/* Begin XCBuildConfiguration section */
		1D6058940D05DD3E006BFB54 /* Debug */ = {
			isa = XCBuildConfiguration;
			buildSettings = {
				ALWAYS_SEARCH_USER_PATHS = NO;
				COPY_PHASE_STRIP = NO;
				GCC_DYNAMIC_NO_PIC = NO;
				GCC_OPTIMIZATION_LEVEL = 0;
				GCC_PRECOMPILE_PREFIX_HEADER = YES;
				GCC_PREFIX_HEADER = SyncingArrows_iPhone_Prefix.pch;
				INFOPLIST_FILE = Info.plist;
				PRODUCT_NAME = SyncingArrowsiPhone;
			};
			name = Debug;
		};
		1D6058950D05DD3E006BFB54 /* Release */ = {
			isa = XCBuildConfiguration;
			buildSettings = {
				ALWAYS_SEARCH_USER_PATHS = NO;
				COPY_PHASE_STRIP = YES;
				GCC_PRECOMPILE_PREFIX_HEADER = YES;
				GCC_PREFIX_HEADER = SyncingArrows_iPhone_Prefix.pch;
				INFOPLIST_FILE = Info.plist;
				PRODUCT_NAME = SyncingArrowsiPhone;
			};
			name = Release;
		};
		C01FCF4F08A954540054247B /* Debug */ = {
			isa = XCBuildConfiguration;
			buildSettings = {
				ARCHS = "$(ARCHS_STANDARD_32_BIT)";
				CODE_SIGN_IDENTITY = "iPhone Developer";
				"CODE_SIGN_IDENTITY[sdk=iphoneos*]" = "iPhone Developer";
				GCC_C_LANGUAGE_STANDARD = c99;
				GCC_WARN_ABOUT_RETURN_TYPE = YES;
				GCC_WARN_UNUSED_VARIABLE = YES;
				ONLY_ACTIVE_ARCH = YES;
				PREBINDING = NO;
				PROVISIONING_PROFILE = "";
				SDKROOT = iphoneos2.2.1;
			};
			name = Debug;
		};
		C01FCF5008A954540054247B /* Release */ = {
			isa = XCBuildConfiguration;
			buildSettings = {
				ARCHS = "$(ARCHS_STANDARD_32_BIT)";
				CODE_SIGN_IDENTITY = "iPhone Developer";
				"CODE_SIGN_IDENTITY[sdk=iphoneos*]" = "iPhone Developer";
				GCC_C_LANGUAGE_STANDARD = c99;
				GCC_WARN_ABOUT_RETURN_TYPE = YES;
				GCC_WARN_UNUSED_VARIABLE = YES;
				PREBINDING = NO;
				PROVISIONING_PROFILE = "";
				SDKROOT = iphoneos2.2.1;
			};
			name = Release;
		};
/* End XCBuildConfiguration section */

/* Begin XCConfigurationList section */
		1D6058960D05DD3E006BFB54 /* Build configuration list for PBXNativeTarget "SyncingArrowsiPhone" */ = {
			isa = XCConfigurationList;
			buildConfigurations = (
				1D6058940D05DD3E006BFB54 /* Debug */,
				1D6058950D05DD3E006BFB54 /* Release */,
			);
			defaultConfigurationIsVisible = 0;
			defaultConfigurationName = Release;
		};
		C01FCF4E08A954540054247B /* Build configuration list for PBXProject "SyncingArrows_iPhone" */ = {
			isa = XCConfigurationList;
			buildConfigurations = (
				C01FCF4F08A954540054247B /* Debug */,
				C01FCF5008A954540054247B /* Release */,
			);
			defaultConfigurationIsVisible = 0;
			defaultConfigurationName = Release;
		};
/* End XCConfigurationList section */
	};
	rootObject = 29B97313FDCFA39411CA2CEA /* Project object */;
}
